
Microsoft Visual Studio Solution File, Format Version 12.00
# Visual Studio 15
VisualStudioVersion = 15.0.28307.106
MinimumVisualStudioVersion = 10.0.40219.1
Project("{E24C65DC-7377-472B-9ABA-BC803B73C61A}") = "Exameron", "Exameron\", "{69AE35D8-4D7A-48F6-83C9-0D036425C76D}"
	ProjectSection(WebsiteProperties) = preProject
		TargetFrameworkMoniker = ".NETFramework,Version%3Dv4.6.1"
		Debug.AspNetCompiler.VirtualPath = "/localhost_61294"
		Debug.AspNetCompiler.PhysicalPath = "Exameron\"
		Debug.AspNetCompiler.TargetPath = "PrecompiledWeb\localhost_61294\"
		Debug.AspNetCompiler.Updateable = "true"
		Debug.AspNetCompiler.ForceOverwrite = "true"
		Debug.AspNetCompiler.FixedNames = "false"
		Debug.AspNetCompiler.Debug = "True"
		Release.AspNetCompiler.VirtualPath = "/localhost_61294"
		Release.AspNetCompiler.PhysicalPath = "Exameron\"
		Release.AspNetCompiler.TargetPath = "PrecompiledWeb\localhost_61294\"
		Release.AspNetCompiler.Updateable = "true"
		Release.AspNetCompiler.ForceOverwrite = "true"
		Release.AspNetCompiler.FixedNames = "false"
		Release.AspNetCompiler.Debug = "False"
		VWDPort = "61294"
		SlnRelativePath = "Exameron\"
		DefaultWebSiteLanguage = "Visual C#"
	EndProjectSection
EndProject
Global
	GlobalSection(SolutionConfigurationPlatforms) = preSolution
		Debug|Any CPU = Debug|Any CPU
	EndGlobalSection
	GlobalSection(ProjectConfigurationPlatforms) = postSolution
		{69AE35D8-4D7A-48F6-83C9-0D036425C76D}.Debug|Any CPU.ActiveCfg = Debug|Any CPU
		{69AE35D8-4D7A-48F6-83C9-0D036425C76D}.Debug|Any CPU.Build.0 = Debug|Any CPU
	EndGlobalSection
	GlobalSection(SolutionProperties) = preSolution
		HideSolutionNode = FALSE
	EndGlobalSection
	GlobalSection(ExtensibilityGlobals) = postSolution
		SolutionGuid = {146D5D5C-5D7C-4BF1-B286-731FD728ACAC}
	EndGlobalSection
EndGlobal
